<?xml version="1.0" encoding="utf-8"?>
<Project ToolsVersion="4.0" xmlns="http://schemas.microsoft.com/developer/msbuild/2003">
  <ItemGroup>
    <Filter Include="Source">
      <UniqueIdentifier>{9401c439-b2f4-4991-833a-e736148f3eac}</UniqueIdentifier>
    </Filter>
    <Filter Include="Source\NetAgent">
      <UniqueIdentifier>{be080615-d9a0-4074-9d00-51999f00b1a1}</UniqueIdentifier>
    </Filter>
    <Filter Include="Source\Sockets">
      <UniqueIdentifier>{62c96c85-10a4-4989-9c1b-61eca27c1c7d}</UniqueIdentifier>
    </Filter>
    <Filter Include="Source\NetThread">
      <UniqueIdentifier>{3ca2d3fb-cec1-4e03-8410-4d7574118cb3}</UniqueIdentifier>
    </Filter>
  </ItemGroup>
  <ItemGroup>
    <ClCompile Include="Source\Sockets\Sockets.cpp">
      <Filter>Source\Sockets</Filter>
    </ClCompile>
    <ClCompile Include="Source\Networking.cpp">
      <Filter>Source</Filter>
    </ClCompile>
    <ClCompile Include="Source\NetThread\ListenThread.cpp">
      <Filter>Source\NetThread</Filter>
    </ClCompile>
    <ClCompile Include="Source\NetThread\NetThreadSync.cpp">
      <Filter>Source\NetThread</Filter>
    </ClCompile>
    <ClCompile Include="Source\NetThread\StreamThread.cpp">
      <Filter>Source\NetThread</Filter>
    </ClCompile>
    <ClCompile Include="Source\NetAgent\Agent.cpp">
      <Filter>Source\NetAgent</Filter>
    </ClCompile>
  </ItemGroup>
  <ItemGroup>
    <ClInclude Include="Source\Sockets\Sockets.h">
      <Filter>Source\Sockets</Filter>
    </ClInclude>
    <ClInclude Include="Source\Sockets\PlatformMacros.h">
      <Filter>Source\Sockets</Filter>
    </ClInclude>
    <ClInclude Include="Source\NetThread\ListenThread.h">
      <Filter>Source\NetThread</Filter>
    </ClInclude>
    <ClInclude Include="Source\NetThread\NetThreadSync.h">
      <Filter>Source\NetThread</Filter>
    </ClInclude>
    <ClInclude Include="Source\NetThread\StreamThread.h">
      <Filter>Source\NetThread</Filter>
    </ClInclude>
    <ClInclude Include="Source\NetAgent\Agent.h">
      <Filter>Source\NetAgent</Filter>
    </ClInclude>
  </ItemGroup>
</Project>